
Microsoft Visual Studio Solution File, Format Version 12.00
# Visual Studio Version 17
VisualStudioVersion = 17.14.36221.1 d17.14
MinimumVisualStudioVersion = 10.0.40219.1
Project("{FAE04EC0-301F-11D3-BF4B-00C04F79EFBC}") = "App.ApiService", "App.ApiService\App.ApiService.csproj", "{GUID}"
EndProject
Project("{FAE04EC0-301F-11D3-BF4B-00C04F79EFBC}") = "App.AppHost", "App.AppHost\App.AppHost.csproj", "{339792CB-83AD-4E0C-85AB-5A723CA26B5B}"
EndProject
Project("{FAE04EC0-301F-11D3-BF4B-00C04F79EFBC}") = "App.ServiceDefaults", "App.ServiceDefaults\App.ServiceDefaults.csproj", "{B9C7301B-93B2-10EF-C69C-F84FB4BC7F61}"
EndProject
Project("{FAE04EC0-301F-11D3-BF4B-00C04F79EFBC}") = "AspireApp.Web", "AspireApp.Web\AspireApp.Web.csproj", "{GUID}"
EndProject
Project("{54A90642-561A-4BB1-A94E-469ADEE60C69}") = "react.client", "react.client\react.client.esproj", "{E5223C3F-9A6F-1179-9E70-639DD6C0E87F}"
EndProject
Project("{FAE04EC0-301F-11D3-BF4B-00C04F79EFBC}") = "React.Server", "React.Server\React.Server.csproj", "{959FFE09-C24E-6B12-FF40-2FDDD0CE7732}"
EndProject
Global
	GlobalSection(SolutionConfigurationPlatforms) = preSolution
		Debug|Any CPU = Debug|Any CPU
		Release|Any CPU = Release|Any CPU
	EndGlobalSection
	GlobalSection(ProjectConfigurationPlatforms) = postSolution
		{E5223C3F-9A6F-1179-9E70-639DD6C0E87F}.Debug|Any CPU.ActiveCfg = Debug|Any CPU
		{E5223C3F-9A6F-1179-9E70-639DD6C0E87F}.Debug|Any CPU.Build.0 = Debug|Any CPU
		{E5223C3F-9A6F-1179-9E70-639DD6C0E87F}.Release|Any CPU.ActiveCfg = Release|Any CPU
		{E5223C3F-9A6F-1179-9E70-639DD6C0E87F}.Release|Any CPU.Build.0 = Release|Any CPU
		{959FFE09-C24E-6B12-FF40-2FDDD0CE7732}.Debug|Any CPU.ActiveCfg = Debug|Any CPU
		{959FFE09-C24E-6B12-FF40-2FDDD0CE7732}.Debug|Any CPU.Build.0 = Debug|Any CPU
		{959FFE09-C24E-6B12-FF40-2FDDD0CE7732}.Release|Any CPU.ActiveCfg = Release|Any CPU
		{959FFE09-C24E-6B12-FF40-2FDDD0CE7732}.Release|Any CPU.Build.0 = Release|Any CPU
		{339792CB-83AD-4E0C-85AB-5A723CA26B5B}.Debug|Any CPU.ActiveCfg = Debug|Any CPU
		{339792CB-83AD-4E0C-85AB-5A723CA26B5B}.Debug|Any CPU.Build.0 = Debug|Any CPU
		{339792CB-83AD-4E0C-85AB-5A723CA26B5B}.Release|Any CPU.ActiveCfg = Release|Any CPU
		{339792CB-83AD-4E0C-85AB-5A723CA26B5B}.Release|Any CPU.Build.0 = Release|Any CPU
		{B9C7301B-93B2-10EF-C69C-F84FB4BC7F61}.Debug|Any CPU.ActiveCfg = Debug|Any CPU
		{B9C7301B-93B2-10EF-C69C-F84FB4BC7F61}.Debug|Any CPU.Build.0 = Debug|Any CPU
		{B9C7301B-93B2-10EF-C69C-F84FB4BC7F61}.Release|Any CPU.ActiveCfg = Release|Any CPU
		{B9C7301B-93B2-10EF-C69C-F84FB4BC7F61}.Release|Any CPU.Build.0 = Release|Any CPU
	EndGlobalSection
	GlobalSection(SolutionProperties) = preSolution
		HideSolutionNode = FALSE
	EndGlobalSection
	GlobalSection(ExtensibilityGlobals) = postSolution
		SolutionGuid = {B73D6805-6CA4-4FE1-AF94-6BD188F543BB}
	EndGlobalSection
EndGlobal
